
Microsoft Visual Studio Solution File, Format Version 12.00
# Visual Studio Version 17
VisualStudioVersion = 17.3.32804.467
MinimumVisualStudioVersion = 10.0.40219.1
Project("{FAE04EC0-301F-11D3-BF4B-00C04F79EFBC}") = "04", "04.csproj", "{11F5256F-7884-45EA-98D6-35AE628BD8FE}"
EndProject
Global
	GlobalSection(SolutionConfigurationPlatforms) = preSolution
		Debug|Any CPU = Debug|Any CPU
		Release|Any CPU = Release|Any CPU
	EndGlobalSection
	GlobalSection(ProjectConfigurationPlatforms) = postSolution
		{11F5256F-7884-45EA-98D6-35AE628BD8FE}.Debug|Any CPU.ActiveCfg = Debug|Any CPU
		{11F5256F-7884-45EA-98D6-35AE628BD8FE}.Debug|Any CPU.Build.0 = Debug|Any CPU
		{11F5256F-7884-45EA-98D6-35AE628BD8FE}.Release|Any CPU.ActiveCfg = Release|Any CPU
		{11F5256F-7884-45EA-98D6-35AE628BD8FE}.Release|Any CPU.Build.0 = Release|Any CPU
	EndGlobalSection
	GlobalSection(SolutionProperties) = preSolution
		HideSolutionNode = FALSE
	EndGlobalSection
	GlobalSection(ExtensibilityGlobals) = postSolution
		SolutionGuid = {C4D82EA1-E767-4240-8F91-2E5458ECD4F8}
	EndGlobalSection
EndGlobal
